
Microsoft Visual Studio Solution File, Format Version 12.00
# Visual Studio Version 16
VisualStudioVersion = 16.0.30225.117
MinimumVisualStudioVersion = 10.0.40219.1
Project("{FAE04EC0-301F-11D3-BF4B-00C04F79EFBC}") = "TestListe.Android", "TestListe\TestListe.Android\TestListe.Android.csproj", "{32ADAF6E-4899-4653-A4AA-440F710D3DAF}"
EndProject
Project("{FAE04EC0-301F-11D3-BF4B-00C04F79EFBC}") = "TestListe.iOS", "TestListe\TestListe.iOS\TestListe.iOS.csproj", "{8C8C9E81-6176-4682-9003-7D7C2EFFCBA8}"
EndProject
Project("{FAE04EC0-301F-11D3-BF4B-00C04F79EFBC}") = "TestListe", "TestListe\TestListe\TestListe.csproj", "{20F4EB75-DC94-403D-AC0A-99D2F4C161C3}"
EndProject
Global
	GlobalSection(SolutionConfigurationPlatforms) = preSolution
		Debug|Any CPU = Debug|Any CPU
		Debug|iPhone = Debug|iPhone
		Debug|iPhoneSimulator = Debug|iPhoneSimulator
		Release|Any CPU = Release|Any CPU
		Release|iPhone = Release|iPhone
		Release|iPhoneSimulator = Release|iPhoneSimulator
	EndGlobalSection
	GlobalSection(ProjectConfigurationPlatforms) = postSolution
		{32ADAF6E-4899-4653-A4AA-440F710D3DAF}.Debug|Any CPU.ActiveCfg = Debug|Any CPU
		{32ADAF6E-4899-4653-A4AA-440F710D3DAF}.Debug|Any CPU.Build.0 = Debug|Any CPU
		{32ADAF6E-4899-4653-A4AA-440F710D3DAF}.Debug|Any CPU.Deploy.0 = Debug|Any CPU
		{32ADAF6E-4899-4653-A4AA-440F710D3DAF}.Debug|iPhone.ActiveCfg = Debug|Any CPU
		{32ADAF6E-4899-4653-A4AA-440F710D3DAF}.Debug|iPhone.Build.0 = Debug|Any CPU
		{32ADAF6E-4899-4653-A4AA-440F710D3DAF}.Debug|iPhone.Deploy.0 = Debug|Any CPU
		{32ADAF6E-4899-4653-A4AA-440F710D3DAF}.Debug|iPhoneSimulator.ActiveCfg = Debug|Any CPU
		{32ADAF6E-4899-4653-A4AA-440F710D3DAF}.Debug|iPhoneSimulator.Build.0 = Debug|Any CPU
		{32ADAF6E-4899-4653-A4AA-440F710D3DAF}.Debug|iPhoneSimulator.Deploy.0 = Debug|Any CPU
		{32ADAF6E-4899-4653-A4AA-440F710D3DAF}.Release|Any CPU.ActiveCfg = Release|Any CPU
		{32ADAF6E-4899-4653-A4AA-440F710D3DAF}.Release|Any CPU.Build.0 = Release|Any CPU
		{32ADAF6E-4899-4653-A4AA-440F710D3DAF}.Release|Any CPU.Deploy.0 = Release|Any CPU
		{32ADAF6E-4899-4653-A4AA-440F710D3DAF}.Release|iPhone.ActiveCfg = Release|Any CPU
		{32ADAF6E-4899-4653-A4AA-440F710D3DAF}.Release|iPhone.Build.0 = Release|Any CPU
		{32ADAF6E-4899-4653-A4AA-440F710D3DAF}.Release|iPhone.Deploy.0 = Release|Any CPU
		{32ADAF6E-4899-4653-A4AA-440F710D3DAF}.Release|iPhoneSimulator.ActiveCfg = Release|Any CPU
		{32ADAF6E-4899-4653-A4AA-440F710D3DAF}.Release|iPhoneSimulator.Build.0 = Release|Any CPU
		{32ADAF6E-4899-4653-A4AA-440F710D3DAF}.Release|iPhoneSimulator.Deploy.0 = Release|Any CPU
		{8C8C9E81-6176-4682-9003-7D7C2EFFCBA8}.Debug|Any CPU.ActiveCfg = Debug|iPhone
		{8C8C9E81-6176-4682-9003-7D7C2EFFCBA8}.Debug|Any CPU.Build.0 = Debug|iPhone
		{8C8C9E81-6176-4682-9003-7D7C2EFFCBA8}.Debug|Any CPU.Deploy.0 = Debug|iPhone
		{8C8C9E81-6176-4682-9003-7D7C2EFFCBA8}.Debug|iPhone.ActiveCfg = Debug|iPhone
		{8C8C9E81-6176-4682-9003-7D7C2EFFCBA8}.Debug|iPhone.Build.0 = Debug|iPhone
		{8C8C9E81-6176-4682-9003-7D7C2EFFCBA8}.Debug|iPhone.Deploy.0 = Debug|iPhone
		{8C8C9E81-6176-4682-9003-7D7C2EFFCBA8}.Debug|iPhoneSimulator.ActiveCfg = Debug|iPhoneSimulator
		{8C8C9E81-6176-4682-9003-7D7C2EFFCBA8}.Debug|iPhoneSimulator.Build.0 = Debug|iPhoneSimulator
		{8C8C9E81-6176-4682-9003-7D7C2EFFCBA8}.Debug|iPhoneSimulator.Deploy.0 = Debug|iPhoneSimulator
		{8C8C9E81-6176-4682-9003-7D7C2EFFCBA8}.Release|Any CPU.ActiveCfg = Release|iPhone
		{8C8C9E81-6176-4682-9003-7D7C2EFFCBA8}.Release|Any CPU.Build.0 = Release|iPhone
		{8C8C9E81-6176-4682-9003-7D7C2EFFCBA8}.Release|Any CPU.Deploy.0 = Release|iPhone
		{8C8C9E81-6176-4682-9003-7D7C2EFFCBA8}.Release|iPhone.ActiveCfg = Release|iPhone
		{8C8C9E81-6176-4682-9003-7D7C2EFFCBA8}.Release|iPhone.Build.0 = Release|iPhone
		{8C8C9E81-6176-4682-9003-7D7C2EFFCBA8}.Release|iPhone.Deploy.0 = Release|iPhone
		{8C8C9E81-6176-4682-9003-7D7C2EFFCBA8}.Release|iPhoneSimulator.ActiveCfg = Release|iPhoneSimulator
		{8C8C9E81-6176-4682-9003-7D7C2EFFCBA8}.Release|iPhoneSimulator.Build.0 = Release|iPhoneSimulator
		{8C8C9E81-6176-4682-9003-7D7C2EFFCBA8}.Release|iPhoneSimulator.Deploy.0 = Release|iPhoneSimulator
		{20F4EB75-DC94-403D-AC0A-99D2F4C161C3}.Debug|Any CPU.ActiveCfg = Debug|Any CPU
		{20F4EB75-DC94-403D-AC0A-99D2F4C161C3}.Debug|Any CPU.Build.0 = Debug|Any CPU
		{20F4EB75-DC94-403D-AC0A-99D2F4C161C3}.Debug|Any CPU.Deploy.0 = Debug|Any CPU
		{20F4EB75-DC94-403D-AC0A-99D2F4C161C3}.Debug|iPhone.ActiveCfg = Debug|Any CPU
		{20F4EB75-DC94-403D-AC0A-99D2F4C161C3}.Debug|iPhone.Build.0 = Debug|Any CPU
		{20F4EB75-DC94-403D-AC0A-99D2F4C161C3}.Debug|iPhone.Deploy.0 = Debug|Any CPU
		{20F4EB75-DC94-403D-AC0A-99D2F4C161C3}.Debug|iPhoneSimulator.ActiveCfg = Debug|Any CPU
		{20F4EB75-DC94-403D-AC0A-99D2F4C161C3}.Debug|iPhoneSimulator.Build.0 = Debug|Any CPU
		{20F4EB75-DC94-403D-AC0A-99D2F4C161C3}.Debug|iPhoneSimulator.Deploy.0 = Debug|Any CPU
		{20F4EB75-DC94-403D-AC0A-99D2F4C161C3}.Release|Any CPU.ActiveCfg = Release|Any CPU
		{20F4EB75-DC94-403D-AC0A-99D2F4C161C3}.Release|Any CPU.Build.0 = Release|Any CPU
		{20F4EB75-DC94-403D-AC0A-99D2F4C161C3}.Release|Any CPU.Deploy.0 = Release|Any CPU
		{20F4EB75-DC94-403D-AC0A-99D2F4C161C3}.Release|iPhone.ActiveCfg = Release|Any CPU
		{20F4EB75-DC94-403D-AC0A-99D2F4C161C3}.Release|iPhone.Build.0 = Release|Any CPU
		{20F4EB75-DC94-403D-AC0A-99D2F4C161C3}.Release|iPhone.Deploy.0 = Release|Any CPU
		{20F4EB75-DC94-403D-AC0A-99D2F4C161C3}.Release|iPhoneSimulator.ActiveCfg = Release|Any CPU
		{20F4EB75-DC94-403D-AC0A-99D2F4C161C3}.Release|iPhoneSimulator.Build.0 = Release|Any CPU
		{20F4EB75-DC94-403D-AC0A-99D2F4C161C3}.Release|iPhoneSimulator.Deploy.0 = Release|Any CPU
	EndGlobalSection
	GlobalSection(SolutionProperties) = preSolution
		HideSolutionNode = FALSE
	EndGlobalSection
	GlobalSection(ExtensibilityGlobals) = postSolution
		SolutionGuid = {77C4C9DD-FCFB-4644-80C7-BBCC988943DA}
	EndGlobalSection
EndGlobal
